# -*- coding: utf-8 -*-
# 已在本地功能测试中验证的依赖全集；Linux wheel 单独离线下载。
annotated-doc==0.0.5
annotated-types==0.8.0
anyio==4.15.1
click==8.5.0
colorama==0.4.6
fastapi==0.135.1
h11==0.16.0
idna==3.20
pydantic==2.12.5
pydantic_core==2.41.5
starlette==1.6.0
typing-inspection==0.4.4
typing_extensions==4.16.0
uvicorn==0.40.0
websockets==16.0
